{
  "version": 4,
  "terraform_version": "1.6.0",
  "serial": 35,
  "lineage": "27a7baaf-31d6-63df-ed44-07ff99f94b83",
  "outputs": {
    "availability_zone": {
      "value": "us-east-1d",
      "type": "string"
    },
    "instance_name": {
      "value": "demo-Dev",
      "type": "string"
    },
    "instance_private_ip": {
      "value": "172.31.44.244",
      "type": "string"
    },
    "instance_public_ip": {
      "value": "54.242.34.155",
      "type": "string"
    },
    "subnet_id": {
      "value": "subnet-0e139e08c737cf9dd",
      "type": "string"
    }
  },
  "resources": [
    {
      "mode": "managed",
      "type": "aws_instance",
      "name": "Data_base",
      "provider": "provider[\"registry.terraform.io/hashicorp/aws\"]",
      "instances": [
        {
          "schema_version": 1,
          "attributes": {
            "ami": "ami-02f3f602d23f1659d",
            "arn": "arn:aws:ec2:us-east-1:012151386382:instance/i-04e7cacb25c01e27a",
            "associate_public_ip_address": true,
            "availability_zone": "us-east-1d",
            "cpu_core_count": 1,
            "cpu_threads_per_core": 1,
            "credit_specification": [
              {
                "cpu_credits": "standard"
              }
            ],
            "disable_api_termination": false,
            "ebs_block_device": [],
            "ebs_optimized": false,
            "ephemeral_block_device": [],
            "get_password_data": false,
            "host_id": null,
            "iam_instance_profile": "",
            "id": "i-04e7cacb25c01e27a",
            "instance_initiated_shutdown_behavior": null,
            "instance_state": "running",
            "instance_type": "t2.micro",
            "ipv6_address_count": 0,
            "ipv6_addresses": [],
            "key_name": "",
            "monitoring": false,
            "network_interface": [],
            "network_interface_id": null,
            "password_data": "",
            "placement_group": "",
            "primary_network_interface_id": "eni-0f014be7003e6c6ef",
            "private_dns": "ip-172-31-35-180.ec2.internal",
            "private_ip": "172.31.35.180",
            "public_dns": "ec2-35-173-182-7.compute-1.amazonaws.com",
            "public_ip": "35.173.182.7",
            "root_block_device": [
              {
                "delete_on_termination": true,
                "iops": 3000,
                "volume_id": "vol-0fb1c168db5de12f0",
                "volume_size": 8,
                "volume_type": "gp3"
              }
            ],
            "security_groups": [
              "demo-Dev-SG"
            ],
            "source_dest_check": true,
            "subnet_id": "subnet-0e139e08c737cf9dd",
            "tags": {
              "Name": "demo-Db",
              "environment": "Db"
            },
            "tenancy": "default",
            "timeouts": null,
            "user_data": null,
            "user_data_base64": null,
            "volume_tags": {},
            "vpc_security_group_ids": [
              "sg-0a44abfb5cb20ce23"
            ]
          },
          "sensitive_attributes": [
            [
              {
                "type": "get_attr",
                "value": "instance_type"
              }
            ],
            [
              {
                "type": "get_attr",
                "value": "ami"
              }
            ]
          ],
          "private": "eyJlMmJmYjczMC1lY2FhLTExZTYtOGY4OC0zNDM2M2JjN2M0YzAiOnsiY3JlYXRlIjo2MDAwMDAwMDAwMDAsImRlbGV0ZSI6MTIwMDAwMDAwMDAwMCwidXBkYXRlIjo2MDAwMDAwMDAwMDB9LCJzY2hlbWFfdmVyc2lvbiI6IjEifQ==",
          "dependencies": [
            "aws_instance.project",
            "aws_security_group.SG"
          ]
        }
      ]
    },
    {
      "mode": "managed",
      "type": "aws_instance",
      "name": "project",
      "provider": "provider[\"registry.terraform.io/hashicorp/aws\"]",
      "instances": [
        {
          "schema_version": 1,
          "attributes": {
            "ami": "ami-02f3f602d23f1659d",
            "arn": "arn:aws:ec2:us-east-1:012151386382:instance/i-057115224608154b7",
            "associate_public_ip_address": true,
            "availability_zone": "us-east-1d",
            "cpu_core_count": 1,
            "cpu_threads_per_core": 1,
            "credit_specification": [
              {
                "cpu_credits": "standard"
              }
            ],
            "disable_api_termination": false,
            "ebs_block_device": [],
            "ebs_optimized": false,
            "ephemeral_block_device": [],
            "get_password_data": false,
            "host_id": null,
            "iam_instance_profile": "",
            "id": "i-057115224608154b7",
            "instance_initiated_shutdown_behavior": null,
            "instance_state": "running",
            "instance_type": "t2.micro",
            "ipv6_address_count": 0,
            "ipv6_addresses": [],
            "key_name": "",
            "monitoring": false,
            "network_interface": [],
            "network_interface_id": null,
            "password_data": "",
            "placement_group": "",
            "primary_network_interface_id": "eni-0f52ba07f5d5f12a2",
            "private_dns": "ip-172-31-44-244.ec2.internal",
            "private_ip": "172.31.44.244",
            "public_dns": "ec2-54-242-34-155.compute-1.amazonaws.com",
            "public_ip": "54.242.34.155",
            "root_block_device": [
              {
                "delete_on_termination": true,
                "iops": 3000,
                "volume_id": "vol-01430c972a30f9346",
                "volume_size": 8,
                "volume_type": "gp3"
              }
            ],
            "security_groups": [
              "demo-Dev-SG"
            ],
            "source_dest_check": true,
            "subnet_id": "subnet-0e139e08c737cf9dd",
            "tags": {
              "Name": "demo-Dev",
              "environment": "Dev",
              "project": "Innovisk"
            },
            "tenancy": "default",
            "timeouts": null,
            "user_data": null,
            "user_data_base64": null,
            "volume_tags": {},
            "vpc_security_group_ids": [
              "sg-0a44abfb5cb20ce23"
            ]
          },
          "sensitive_attributes": [
            [
              {
                "type": "get_attr",
                "value": "ami"
              }
            ],
            [
              {
                "type": "get_attr",
                "value": "instance_type"
              }
            ]
          ],
          "private": "eyJlMmJmYjczMC1lY2FhLTExZTYtOGY4OC0zNDM2M2JjN2M0YzAiOnsiY3JlYXRlIjo2MDAwMDAwMDAwMDAsImRlbGV0ZSI6MTIwMDAwMDAwMDAwMCwidXBkYXRlIjo2MDAwMDAwMDAwMDB9LCJzY2hlbWFfdmVyc2lvbiI6IjEifQ==",
          "dependencies": [
            "aws_security_group.SG"
          ]
        }
      ]
    },
    {
      "mode": "managed",
      "type": "aws_instance",
      "name": "web_server",
      "provider": "provider[\"registry.terraform.io/hashicorp/aws\"]",
      "instances": [
        {
          "schema_version": 1,
          "attributes": {
            "ami": "ami-02f3f602d23f1659d",
            "arn": "arn:aws:ec2:us-east-1:012151386382:instance/i-0d804584c1b6ac5e7",
            "associate_public_ip_address": true,
            "availability_zone": "us-east-1d",
            "cpu_core_count": 1,
            "cpu_threads_per_core": 1,
            "credit_specification": [
              {
                "cpu_credits": "standard"
              }
            ],
            "disable_api_termination": false,
            "ebs_block_device": [],
            "ebs_optimized": false,
            "ephemeral_block_device": [],
            "get_password_data": false,
            "host_id": null,
            "iam_instance_profile": "",
            "id": "i-0d804584c1b6ac5e7",
            "instance_initiated_shutdown_behavior": null,
            "instance_state": "running",
            "instance_type": "t2.micro",
            "ipv6_address_count": 0,
            "ipv6_addresses": [],
            "key_name": "",
            "monitoring": false,
            "network_interface": [],
            "network_interface_id": null,
            "password_data": "",
            "placement_group": "",
            "primary_network_interface_id": "eni-011d0b602671b45e5",
            "private_dns": "ip-172-31-36-140.ec2.internal",
            "private_ip": "172.31.36.140",
            "public_dns": "ec2-3-82-18-188.compute-1.amazonaws.com",
            "public_ip": "3.82.18.188",
            "root_block_device": [
              {
                "delete_on_termination": true,
                "iops": 3000,
                "volume_id": "vol-033bac413d67e46a1",
                "volume_size": 8,
                "volume_type": "gp3"
              }
            ],
            "security_groups": [
              "demo-Dev-SG"
            ],
            "source_dest_check": true,
            "subnet_id": "subnet-0e139e08c737cf9dd",
            "tags": {
              "Name": "demo-Dev",
              "environment": "Dev"
            },
            "tenancy": "default",
            "timeouts": null,
            "user_data": null,
            "user_data_base64": null,
            "volume_tags": {},
            "vpc_security_group_ids": [
              "sg-0a44abfb5cb20ce23"
            ]
          },
          "sensitive_attributes": [
            [
              {
                "type": "get_attr",
                "value": "ami"
              }
            ],
            [
              {
                "type": "get_attr",
                "value": "instance_type"
              }
            ]
          ],
          "private": "eyJlMmJmYjczMC1lY2FhLTExZTYtOGY4OC0zNDM2M2JjN2M0YzAiOnsiY3JlYXRlIjo2MDAwMDAwMDAwMDAsImRlbGV0ZSI6MTIwMDAwMDAwMDAwMCwidXBkYXRlIjo2MDAwMDAwMDAwMDB9LCJzY2hlbWFfdmVyc2lvbiI6IjEifQ==",
          "dependencies": [
            "aws_instance.Data_base",
            "aws_instance.project",
            "aws_security_group.SG"
          ]
        }
      ]
    },
    {
      "mode": "managed",
      "type": "aws_security_group",
      "name": "SG",
      "provider": "provider[\"registry.terraform.io/hashicorp/aws\"]",
      "instances": [
        {
          "schema_version": 1,
          "attributes": {
            "arn": "arn:aws:ec2:us-east-1:012151386382:security-group/sg-0a44abfb5cb20ce23",
            "description": "Security group for Dev demo",
            "egress": [
              {
                "cidr_blocks": [
                  "0.0.0.0/0"
                ],
                "description": "",
                "from_port": 0,
                "ipv6_cidr_blocks": [],
                "prefix_list_ids": [],
                "protocol": "-1",
                "security_groups": [],
                "self": false,
                "to_port": 0
              }
            ],
            "id": "sg-0a44abfb5cb20ce23",
            "ingress": [
              {
                "cidr_blocks": [
                  "0.0.0.0/0"
                ],
                "description": "",
                "from_port": 22,
                "ipv6_cidr_blocks": [],
                "prefix_list_ids": [],
                "protocol": "tcp",
                "security_groups": [],
                "self": false,
                "to_port": 22
              },
              {
                "cidr_blocks": [
                  "0.0.0.0/0"
                ],
                "description": "",
                "from_port": 80,
                "ipv6_cidr_blocks": [],
                "prefix_list_ids": [],
                "protocol": "tcp",
                "security_groups": [],
                "self": false,
                "to_port": 80
              }
            ],
            "name": "demo-Dev-SG",
            "name_prefix": null,
            "owner_id": "012151386382",
            "revoke_rules_on_delete": false,
            "tags": {},
            "timeouts": null,
            "vpc_id": "vpc-0207ecf47e56119df"
          },
          "sensitive_attributes": []
        }
      ]
    }
  ],
  "check_results": null
}
