{
  "version": 4,
  "terraform_version": "1.6.3",
  "serial": 55,
  "lineage": "4c0228f3-9362-9fc7-3230-29d001bd6a30",
  "outputs": {
    "availability_zone": {
      "value": "us-east-1b",
      "type": "string"
    },
    "aws_vpc_id": {
      "value": "vpc-02da5e6be67c94a03",
      "type": "string"
    },
    "instance_name": {
      "value": "demo-DEV",
      "type": "string"
    },
    "instance_private_ip": {
      "value": "172.31.35.155",
      "type": "string"
    },
    "instance_public_ip": {
      "value": "3.87.45.186",
      "type": "string"
    },
    "subnet_id": {
      "value": "subnet-0f0e6f5bd9c15059b",
      "type": "string"
    }
  },
  "resources": [
    {
      "mode": "managed",
      "type": "aws_security_group",
      "name": "SG",
      "provider": "provider[\"registry.terraform.io/hashicorp/aws\"]",
      "instances": [
        {
          "schema_version": 1,
          "attributes": {
            "arn": "arn:aws:ec2:us-east-1:026880606718:security-group/sg-0ef938a49a097b4ff",
            "description": "Security group for DEV demo",
            "egress": [
              {
                "cidr_blocks": [
                  "0.0.0.0/0"
                ],
                "description": "",
                "from_port": 0,
                "ipv6_cidr_blocks": [],
                "prefix_list_ids": [],
                "protocol": "-1",
                "security_groups": [],
                "self": false,
                "to_port": 0
              }
            ],
            "id": "sg-0ef938a49a097b4ff",
            "ingress": [
              {
                "cidr_blocks": [
                  "0.0.0.0/0"
                ],
                "description": "",
                "from_port": 22,
                "ipv6_cidr_blocks": [],
                "prefix_list_ids": [],
                "protocol": "tcp",
                "security_groups": [],
                "self": false,
                "to_port": 22
              },
              {
                "cidr_blocks": [
                  "0.0.0.0/0"
                ],
                "description": "",
                "from_port": 80,
                "ipv6_cidr_blocks": [],
                "prefix_list_ids": [],
                "protocol": "tcp",
                "security_groups": [],
                "self": false,
                "to_port": 80
              }
            ],
            "name": "demo-DEV-SG",
            "name_prefix": null,
            "owner_id": "026880606718",
            "revoke_rules_on_delete": false,
            "tags": null,
            "timeouts": null,
            "vpc_id": "vpc-02da5e6be67c94a03"
          },
          "sensitive_attributes": [],
          "private": "eyJlMmJmYjczMC1lY2FhLTExZTYtOGY4OC0zNDM2M2JjN2M0YzAiOnsiY3JlYXRlIjo2MDAwMDAwMDAwMDAsImRlbGV0ZSI6NjAwMDAwMDAwMDAwfSwic2NoZW1hX3ZlcnNpb24iOiIxIn0=",
          "dependencies": [
            "aws_vpc.demo-vpc"
          ]
        }
      ]
    },
    {
      "mode": "managed",
      "type": "aws_vpc",
      "name": "demo-vpc",
      "provider": "provider[\"registry.terraform.io/hashicorp/aws\"]",
      "instances": [
        {
          "schema_version": 1,
          "attributes": {
            "arn": "arn:aws:ec2:us-east-1:026880606718:vpc/vpc-02da5e6be67c94a03",
            "assign_generated_ipv6_cidr_block": false,
            "cidr_block": "172.31.0.0/16",
            "default_network_acl_id": "acl-0d08c691706af7d9b",
            "default_route_table_id": "rtb-03936b0539c27cb68",
            "default_security_group_id": "sg-0da9177d10e399503",
            "dhcp_options_id": "dopt-0da29be933306c565",
            "enable_classiclink": false,
            "enable_classiclink_dns_support": false,
            "enable_dns_hostnames": false,
            "enable_dns_support": true,
            "id": "vpc-02da5e6be67c94a03",
            "instance_tenancy": "default",
            "ipv6_association_id": "",
            "ipv6_cidr_block": "",
            "main_route_table_id": "rtb-03936b0539c27cb68",
            "owner_id": "026880606718",
            "tags": {
              "Name": "demo-vpc1"
            }
          },
          "sensitive_attributes": [],
          "private": "eyJzY2hlbWFfdmVyc2lvbiI6IjEifQ=="
        }
      ]
    }
  ],
  "check_results": null
}
