{
  "version": 4,
  "terraform_version": "1.6.3",
  "serial": 93,
  "lineage": "4c0228f3-9362-9fc7-3230-29d001bd6a30",
  "outputs": {
    "availability_zone": {
      "value": "us-east-1c",
      "type": "string"
    },
    "aws_vpc_id": {
      "value": "vpc-04fa62ffc6d2d9599",
      "type": "string"
    },
    "instance_name": {
      "value": "demo-DEV",
      "type": "string"
    },
    "instance_private_ip": {
      "value": "172.31.44.173",
      "type": "string"
    },
    "instance_public_ip": {
      "value": "18.206.189.51",
      "type": "string"
    },
    "subnet_id": {
      "value": "subnet-0f0ddb461a40c0dc4",
      "type": "string"
    }
  },
  "resources": [
    {
      "mode": "managed",
      "type": "aws_instance",
      "name": "Data_base",
      "provider": "provider[\"registry.terraform.io/hashicorp/aws\"]",
      "instances": [
        {
          "schema_version": 1,
          "attributes": {
            "ami": "ami-02f3f602d23f1659d",
            "arn": "arn:aws:ec2:us-east-1:026880606718:instance/i-043bfcfc6adf402b3",
            "associate_public_ip_address": true,
            "availability_zone": "us-east-1c",
            "cpu_core_count": 1,
            "cpu_threads_per_core": 1,
            "credit_specification": [
              {
                "cpu_credits": "standard"
              }
            ],
            "disable_api_termination": false,
            "ebs_block_device": [],
            "ebs_optimized": false,
            "ephemeral_block_device": [],
            "get_password_data": false,
            "host_id": null,
            "iam_instance_profile": "",
            "id": "i-043bfcfc6adf402b3",
            "instance_initiated_shutdown_behavior": null,
            "instance_state": "running",
            "instance_type": "t2.micro",
            "ipv6_address_count": 0,
            "ipv6_addresses": [],
            "key_name": "",
            "monitoring": false,
            "network_interface": [],
            "network_interface_id": null,
            "password_data": "",
            "placement_group": "",
            "primary_network_interface_id": "eni-0efc27b75940e9f41",
            "private_dns": "ip-172-31-42-234.ec2.internal",
            "private_ip": "172.31.42.234",
            "public_dns": "ec2-52-205-158-94.compute-1.amazonaws.com",
            "public_ip": "52.205.158.94",
            "root_block_device": [
              {
                "delete_on_termination": true,
                "iops": 3000,
                "volume_id": "vol-0fe5bdd0d3dee96f6",
                "volume_size": 8,
                "volume_type": "gp3"
              }
            ],
            "security_groups": [
              "demo-DEV-SG"
            ],
            "source_dest_check": true,
            "subnet_id": "subnet-0f0ddb461a40c0dc4",
            "tags": {
              "Name": "demo-TEST_UAT",
              "environment": "TEST_UAT"
            },
            "tenancy": "default",
            "timeouts": null,
            "user_data": null,
            "user_data_base64": null,
            "volume_tags": {},
            "vpc_security_group_ids": [
              "sg-0aad45b57c7c3ca8d"
            ]
          },
          "sensitive_attributes": [
            [
              {
                "type": "get_attr",
                "value": "instance_type"
              }
            ],
            [
              {
                "type": "get_attr",
                "value": "ami"
              }
            ]
          ],
          "dependencies": [
            "aws_instance.project",
            "aws_security_group.SG",
            "aws_vpc.demo-vpc"
          ]
        }
      ]
    },
    {
      "mode": "managed",
      "type": "aws_instance",
      "name": "project",
      "provider": "provider[\"registry.terraform.io/hashicorp/aws\"]",
      "instances": [
        {
          "schema_version": 1,
          "attributes": {
            "ami": "ami-02f3f602d23f1659d",
            "arn": "arn:aws:ec2:us-east-1:026880606718:instance/i-07b3ca3bc1aa2541c",
            "associate_public_ip_address": true,
            "availability_zone": "us-east-1c",
            "cpu_core_count": 1,
            "cpu_threads_per_core": 1,
            "credit_specification": [
              {
                "cpu_credits": "standard"
              }
            ],
            "disable_api_termination": false,
            "ebs_block_device": [],
            "ebs_optimized": false,
            "ephemeral_block_device": [],
            "get_password_data": false,
            "host_id": null,
            "iam_instance_profile": "",
            "id": "i-07b3ca3bc1aa2541c",
            "instance_initiated_shutdown_behavior": null,
            "instance_state": "running",
            "instance_type": "t2.micro",
            "ipv6_address_count": 0,
            "ipv6_addresses": [],
            "key_name": "",
            "monitoring": false,
            "network_interface": [],
            "network_interface_id": null,
            "password_data": "",
            "placement_group": "",
            "primary_network_interface_id": "eni-08d5bfd2662027d36",
            "private_dns": "ip-172-31-44-173.ec2.internal",
            "private_ip": "172.31.44.173",
            "public_dns": "ec2-18-206-189-51.compute-1.amazonaws.com",
            "public_ip": "18.206.189.51",
            "root_block_device": [
              {
                "delete_on_termination": true,
                "iops": 3000,
                "volume_id": "vol-01178fd0f2c3090dc",
                "volume_size": 8,
                "volume_type": "gp3"
              }
            ],
            "security_groups": [
              "demo-DEV-SG"
            ],
            "source_dest_check": true,
            "subnet_id": "subnet-0f0ddb461a40c0dc4",
            "tags": {
              "Name": "demo-DEV",
              "environment": "DEV",
              "project": "Innovisk"
            },
            "tenancy": "default",
            "timeouts": null,
            "user_data": null,
            "user_data_base64": null,
            "volume_tags": {},
            "vpc_security_group_ids": [
              "sg-0aad45b57c7c3ca8d"
            ]
          },
          "sensitive_attributes": [
            [
              {
                "type": "get_attr",
                "value": "instance_type"
              }
            ],
            [
              {
                "type": "get_attr",
                "value": "ami"
              }
            ]
          ],
          "dependencies": [
            "aws_security_group.SG",
            "aws_vpc.demo-vpc"
          ]
        }
      ]
    },
    {
      "mode": "managed",
      "type": "aws_instance",
      "name": "web_server",
      "provider": "provider[\"registry.terraform.io/hashicorp/aws\"]",
      "instances": [
        {
          "index_key": 0,
          "schema_version": 1,
          "attributes": {
            "ami": "ami-02f3f602d23f1659d",
            "arn": "arn:aws:ec2:us-east-1:026880606718:instance/i-018fc013eb0e8e050",
            "associate_public_ip_address": true,
            "availability_zone": "us-east-1c",
            "cpu_core_count": 1,
            "cpu_threads_per_core": 1,
            "credit_specification": [
              {
                "cpu_credits": "standard"
              }
            ],
            "disable_api_termination": false,
            "ebs_block_device": [],
            "ebs_optimized": false,
            "ephemeral_block_device": [],
            "get_password_data": false,
            "host_id": null,
            "iam_instance_profile": "",
            "id": "i-018fc013eb0e8e050",
            "instance_initiated_shutdown_behavior": null,
            "instance_state": "running",
            "instance_type": "t2.micro",
            "ipv6_address_count": 0,
            "ipv6_addresses": [],
            "key_name": "",
            "monitoring": false,
            "network_interface": [],
            "network_interface_id": null,
            "password_data": "",
            "placement_group": "",
            "primary_network_interface_id": "eni-06cec7faa0b70cb14",
            "private_dns": "ip-172-31-33-165.ec2.internal",
            "private_ip": "172.31.33.165",
            "public_dns": "ec2-54-196-43-179.compute-1.amazonaws.com",
            "public_ip": "54.196.43.179",
            "root_block_device": [
              {
                "delete_on_termination": true,
                "iops": 3000,
                "volume_id": "vol-0782b5ca19bae39e7",
                "volume_size": 8,
                "volume_type": "gp3"
              }
            ],
            "security_groups": [
              "demo-DEV-SG"
            ],
            "source_dest_check": true,
            "subnet_id": "subnet-0f0ddb461a40c0dc4",
            "tags": {
              "Name": "web1",
              "environment": "DEV"
            },
            "tenancy": "default",
            "timeouts": null,
            "user_data": null,
            "user_data_base64": null,
            "volume_tags": {},
            "vpc_security_group_ids": [
              "sg-0aad45b57c7c3ca8d"
            ]
          },
          "sensitive_attributes": [
            [
              {
                "type": "get_attr",
                "value": "instance_type"
              }
            ],
            [
              {
                "type": "get_attr",
                "value": "ami"
              }
            ]
          ],
          "dependencies": [
            "aws_instance.Data_base",
            "aws_instance.project",
            "aws_security_group.SG",
            "aws_vpc.demo-vpc"
          ]
        },
        {
          "index_key": 1,
          "schema_version": 1,
          "attributes": {
            "ami": "ami-02f3f602d23f1659d",
            "arn": "arn:aws:ec2:us-east-1:026880606718:instance/i-01a7466f18cae3cc3",
            "associate_public_ip_address": true,
            "availability_zone": "us-east-1c",
            "cpu_core_count": 1,
            "cpu_threads_per_core": 1,
            "credit_specification": [
              {
                "cpu_credits": "standard"
              }
            ],
            "disable_api_termination": false,
            "ebs_block_device": [],
            "ebs_optimized": false,
            "ephemeral_block_device": [],
            "get_password_data": false,
            "host_id": null,
            "iam_instance_profile": "",
            "id": "i-01a7466f18cae3cc3",
            "instance_initiated_shutdown_behavior": null,
            "instance_state": "running",
            "instance_type": "t2.micro",
            "ipv6_address_count": 0,
            "ipv6_addresses": [],
            "key_name": "",
            "monitoring": false,
            "network_interface": [],
            "network_interface_id": null,
            "password_data": "",
            "placement_group": "",
            "primary_network_interface_id": "eni-023e1f1834d74755d",
            "private_dns": "ip-172-31-45-145.ec2.internal",
            "private_ip": "172.31.45.145",
            "public_dns": "ec2-52-55-2-114.compute-1.amazonaws.com",
            "public_ip": "52.55.2.114",
            "root_block_device": [
              {
                "delete_on_termination": true,
                "iops": 3000,
                "volume_id": "vol-0319f93b6f043300b",
                "volume_size": 8,
                "volume_type": "gp3"
              }
            ],
            "security_groups": [
              "demo-DEV-SG"
            ],
            "source_dest_check": true,
            "subnet_id": "subnet-0f0ddb461a40c0dc4",
            "tags": {
              "Name": "web3",
              "environment": "DEV"
            },
            "tenancy": "default",
            "timeouts": null,
            "user_data": null,
            "user_data_base64": null,
            "volume_tags": {},
            "vpc_security_group_ids": [
              "sg-0aad45b57c7c3ca8d"
            ]
          },
          "sensitive_attributes": [
            [
              {
                "type": "get_attr",
                "value": "instance_type"
              }
            ],
            [
              {
                "type": "get_attr",
                "value": "ami"
              }
            ]
          ],
          "private": "eyJlMmJmYjczMC1lY2FhLTExZTYtOGY4OC0zNDM2M2JjN2M0YzAiOnsiY3JlYXRlIjo2MDAwMDAwMDAwMDAsImRlbGV0ZSI6MTIwMDAwMDAwMDAwMCwidXBkYXRlIjo2MDAwMDAwMDAwMDB9LCJzY2hlbWFfdmVyc2lvbiI6IjEifQ==",
          "dependencies": [
            "aws_instance.Data_base",
            "aws_instance.project",
            "aws_security_group.SG",
            "aws_vpc.demo-vpc"
          ]
        }
      ]
    },
    {
      "mode": "managed",
      "type": "aws_security_group",
      "name": "SG",
      "provider": "provider[\"registry.terraform.io/hashicorp/aws\"]",
      "instances": [
        {
          "schema_version": 1,
          "attributes": {
            "arn": "arn:aws:ec2:us-east-1:026880606718:security-group/sg-0aad45b57c7c3ca8d",
            "description": "Security group for DEV demo",
            "egress": [
              {
                "cidr_blocks": [
                  "0.0.0.0/0"
                ],
                "description": "",
                "from_port": 0,
                "ipv6_cidr_blocks": [],
                "prefix_list_ids": [],
                "protocol": "-1",
                "security_groups": [],
                "self": false,
                "to_port": 0
              }
            ],
            "id": "sg-0aad45b57c7c3ca8d",
            "ingress": [
              {
                "cidr_blocks": [
                  "0.0.0.0/0"
                ],
                "description": "",
                "from_port": 22,
                "ipv6_cidr_blocks": [],
                "prefix_list_ids": [],
                "protocol": "tcp",
                "security_groups": [],
                "self": false,
                "to_port": 22
              },
              {
                "cidr_blocks": [
                  "0.0.0.0/0"
                ],
                "description": "",
                "from_port": 80,
                "ipv6_cidr_blocks": [],
                "prefix_list_ids": [],
                "protocol": "tcp",
                "security_groups": [],
                "self": false,
                "to_port": 80
              }
            ],
            "name": "demo-DEV-SG",
            "name_prefix": null,
            "owner_id": "026880606718",
            "revoke_rules_on_delete": false,
            "tags": {},
            "timeouts": null,
            "vpc_id": "vpc-04fa62ffc6d2d9599"
          },
          "sensitive_attributes": [],
          "dependencies": [
            "aws_vpc.demo-vpc"
          ]
        }
      ]
    },
    {
      "mode": "managed",
      "type": "aws_vpc",
      "name": "demo-vpc",
      "provider": "provider[\"registry.terraform.io/hashicorp/aws\"]",
      "instances": [
        {
          "schema_version": 1,
          "attributes": {
            "arn": "arn:aws:ec2:us-east-1:026880606718:vpc/vpc-04fa62ffc6d2d9599",
            "assign_generated_ipv6_cidr_block": false,
            "cidr_block": "172.31.0.0/16",
            "default_network_acl_id": "acl-0f416077a3177edc7",
            "default_route_table_id": "rtb-0dd308086bf776ad1",
            "default_security_group_id": "sg-0089a0d14dcb387d6",
            "dhcp_options_id": "dopt-0da29be933306c565",
            "enable_classiclink": false,
            "enable_classiclink_dns_support": false,
            "enable_dns_hostnames": true,
            "enable_dns_support": true,
            "id": "vpc-04fa62ffc6d2d9599",
            "instance_tenancy": "default",
            "ipv6_association_id": "",
            "ipv6_cidr_block": "",
            "main_route_table_id": "rtb-0dd308086bf776ad1",
            "owner_id": "026880606718",
            "tags": {
              "Name": "demo-vpc1"
            }
          },
          "sensitive_attributes": []
        }
      ]
    }
  ],
  "check_results": null
}
